{
  "name": "winception",
  "version": "0.6.5-1",
  "lockfileVersion": 3,
  "requires": true,
  "packages": {
    "": {
      "name": "winception",
      "version": "0.6.5-1",
      "dependencies": {
        "bencode": "^4.0.1",
        "bittorrent-protocol": "^5.0.6",
        "create-torrent": "^6.1.2"
      }
    },
    "node_modules/b4a": {
      "version": "1.8.1",
      "resolved": "https://registry.npmjs.org/b4a/-/b4a-1.8.1.tgz",
      "integrity": "sha512-aiqre1Nr0B/6DgE2N5vwTc+2/oQZ4Wh1t4NznYY4E00y8LCt6NqdRv81so00oo27D8MVKTpUa/MwUUtBLXCoDw==",
      "license": "Apache-2.0",
      "peerDependencies": {
        "react-native-b4a": "*"
      },
      "peerDependenciesMeta": {
        "react-native-b4a": {
          "optional": true
        }
      }
    },
    "node_modules/bare-events": {
      "version": "2.9.1",
      "resolved": "https://registry.npmjs.org/bare-events/-/bare-events-2.9.1.tgz",
      "integrity": "sha512-Z0oHEHAFDZkffN8Qc39zNZjQlMDkPJRyyyZieU1VH7u8c5S+qHZ2S8ixdKIAxEjfHO7FJxXmJWgteOghVanIsg==",
      "license": "Apache-2.0",
      "peerDependencies": {
        "bare-abort-controller": "*"
      },
      "peerDependenciesMeta": {
        "bare-abort-controller": {
          "optional": true
        }
      }
    },
    "node_modules/base64-arraybuffer": {
      "version": "1.0.2",
      "resolved": "https://registry.npmjs.org/base64-arraybuffer/-/base64-arraybuffer-1.0.2.tgz",
      "integrity": "sha512-I3yl4r9QB5ZRY3XuJVEPfc2XhZO6YweFPI+UovAzn+8/hb3oJ6lnysaFcjVpkCPfVWFUDvoZ8kmVDP7WyRtYtQ==",
      "license": "MIT",
      "engines": {
        "node": ">= 0.6.0"
      }
    },
    "node_modules/bencode": {
      "version": "4.0.1",
      "resolved": "https://registry.npmjs.org/bencode/-/bencode-4.0.1.tgz",
      "integrity": "sha512-/bCR3FvgfB8AZk4LlowShU+nfaTNRM2vruJ9aejDa5LpgkCoRjFyEauFiZFxbpxVxQbBFapYCN42Er2dkE/Qgw==",
      "license": "MIT",
      "dependencies": {
        "uint8-util": "^2.2.2"
      },
      "engines": {
        "node": ">=12.20.0"
      }
    },
    "node_modules/bitfield": {
      "version": "5.0.1",
      "resolved": "https://registry.npmjs.org/bitfield/-/bitfield-5.0.1.tgz",
      "integrity": "sha512-81mvFHCa0L1HsDdKVCTkPKZZ6KFdyXgfQNoneFT7Qk5/PZeBWdPkTFa4KttbR8uHszfjiqOJbeahLOPfCqw4cw==",
      "license": "MIT",
      "engines": {
        "node": ">=20.19.0"
      },
      "funding": {
        "type": "github",
        "url": "https://github.com/sponsors/fb55"
      }
    },
    "node_modules/bittorrent-protocol": {
      "version": "5.0.6",
      "resolved": "https://registry.npmjs.org/bittorrent-protocol/-/bittorrent-protocol-5.0.6.tgz",
      "integrity": "sha512-qI0PeZpMBQyhvMGvsw0aJjUSMJwMNc6lLzD1TX3Q1MmzA3s3fNZrk/PKHpzrjyR9xNGBZeQ5ZuT3Stym6AUq+Q==",
      "funding": [
        {
          "type": "github",
          "url": "https://github.com/sponsors/feross"
        },
        {
          "type": "patreon",
          "url": "https://www.patreon.com/feross"
        },
        {
          "type": "consulting",
          "url": "https://feross.org/support"
        }
      ],
      "license": "MIT",
      "dependencies": {
        "bencode": "^4.0.1",
        "bitfield": "^5.0.1",
        "debug": "^4.4.3",
        "streamx": "^2.26.0",
        "throughput": "^1.0.2",
        "uint8-util": "^2.2.6",
        "unordered-array-remove": "^1.0.2"
      },
      "engines": {
        "node": ">=18"
      }
    },
    "node_modules/block-iterator": {
      "version": "1.1.2",
      "resolved": "https://registry.npmjs.org/block-iterator/-/block-iterator-1.1.2.tgz",
      "integrity": "sha512-yAHUP44v2K25xLPdrgVTgwtuQctlullzjczu9CoUZom5AP3g4p1R1+aWHjS1GHG9JtcSUVUnbEPiuXiW5YZ24w==",
      "license": "MIT"
    },
    "node_modules/create-torrent": {
      "version": "6.1.2",
      "resolved": "https://registry.npmjs.org/create-torrent/-/create-torrent-6.1.2.tgz",
      "integrity": "sha512-PrqAy9matS8HquhCQp45SyTEgshxK21SiZt9RxFNHybTWp3lYICebjj4zENl6jpjQGzuJ8DdI92TJuV73CO4YA==",
      "funding": [
        {
          "type": "github",
          "url": "https://github.com/sponsors/feross"
        },
        {
          "type": "patreon",
          "url": "https://www.patreon.com/feross"
        },
        {
          "type": "consulting",
          "url": "https://feross.org/support"
        }
      ],
      "license": "MIT",
      "dependencies": {
        "bencode": "^4.0.1",
        "block-iterator": "^1.1.2",
        "fast-readable-async-iterator": "^2.0.0",
        "is-file": "^1.0.0",
        "join-async-iterator": "^1.1.1",
        "junk": "^4.0.1",
        "minimist": "^1.2.8",
        "once": "^1.4.0",
        "piece-length": "^2.0.1",
        "queue-microtask": "^1.2.3",
        "run-parallel": "^1.2.0",
        "uint8-util": "^2.2.6"
      },
      "bin": {
        "create-torrent": "bin/cmd.js"
      },
      "engines": {
        "node": ">=12"
      }
    },
    "node_modules/debug": {
      "version": "4.4.3",
      "resolved": "https://registry.npmjs.org/debug/-/debug-4.4.3.tgz",
      "integrity": "sha512-RGwwWnwQvkVfavKVt22FGLw+xYSdzARwm0ru6DhTVA3umU5hZc28V3kO4stgYryrTlLpuvgI9GiijltAjNbcqA==",
      "license": "MIT",
      "dependencies": {
        "ms": "^2.1.3"
      },
      "engines": {
        "node": ">=6.0"
      },
      "peerDependenciesMeta": {
        "supports-color": {
          "optional": true
        }
      }
    },
    "node_modules/events-universal": {
      "version": "1.0.1",
      "resolved": "https://registry.npmjs.org/events-universal/-/events-universal-1.0.1.tgz",
      "integrity": "sha512-LUd5euvbMLpwOF8m6ivPCbhQeSiYVNb8Vs0fQ8QjXo0JTkEHpz8pxdQf0gStltaPpw0Cca8b39KxvK9cfKRiAw==",
      "license": "Apache-2.0",
      "dependencies": {
        "bare-events": "^2.7.0"
      }
    },
    "node_modules/fast-fifo": {
      "version": "1.3.2",
      "resolved": "https://registry.npmjs.org/fast-fifo/-/fast-fifo-1.3.2.tgz",
      "integrity": "sha512-/d9sfos4yxzpwkDkuN7k2SqFKtYNmCTzgfEpz82x34IM9/zc8KGxQoXg1liNC/izpRM/MBdt44Nmx41ZWqk+FQ==",
      "license": "MIT"
    },
    "node_modules/fast-readable-async-iterator": {
      "version": "2.0.0",
      "resolved": "https://registry.npmjs.org/fast-readable-async-iterator/-/fast-readable-async-iterator-2.0.0.tgz",
      "integrity": "sha512-8Sld+DuyWRIftl86ZguJxR2oXCBccOiJxrY/Rj9/7ZBynW8pYMWzIcqxFL1da+25jaWJZVa+HHX/8SsA21JdTA==",
      "license": "MIT"
    },
    "node_modules/is-file": {
      "version": "1.0.0",
      "resolved": "https://registry.npmjs.org/is-file/-/is-file-1.0.0.tgz",
      "integrity": "sha512-ZGMuc+xA8mRnrXtmtf2l/EkIW2zaD2LSBWlaOVEF6yH4RTndHob65V4SwWWdtGKVthQfXPVKsXqw4TDUjbVxVQ==",
      "license": "MIT"
    },
    "node_modules/join-async-iterator": {
      "version": "1.1.1",
      "resolved": "https://registry.npmjs.org/join-async-iterator/-/join-async-iterator-1.1.1.tgz",
      "integrity": "sha512-ATse+nuNeKZ9K1y27LKdvPe/GCe9R/u9dw9vI248e+vILeRK3IcJP4JUPAlSmKRCDK0cKhEwfmiw4Skqx7UnGQ==",
      "license": "MIT"
    },
    "node_modules/junk": {
      "version": "4.0.1",
      "resolved": "https://registry.npmjs.org/junk/-/junk-4.0.1.tgz",
      "integrity": "sha512-Qush0uP+G8ZScpGMZvHUiRfI0YBWuB3gVBYlI0v0vvOJt5FLicco+IkP0a50LqTTQhmts/m6tP5SWE+USyIvcQ==",
      "license": "MIT",
      "engines": {
        "node": ">=12.20"
      },
      "funding": {
        "url": "https://github.com/sponsors/sindresorhus"
      }
    },
    "node_modules/minimist": {
      "version": "1.2.8",
      "resolved": "https://registry.npmjs.org/minimist/-/minimist-1.2.8.tgz",
      "integrity": "sha512-2yyAR8qBkN3YuheJanUpWC5U3bb5osDywNB8RzDVlDwDHbocAJveqqj1u8+SVD7jkWT4yvsHCpWqqWqAxb0zCA==",
      "license": "MIT",
      "funding": {
        "url": "https://github.com/sponsors/ljharb"
      }
    },
    "node_modules/ms": {
      "version": "2.1.3",
      "resolved": "https://registry.npmjs.org/ms/-/ms-2.1.3.tgz",
      "integrity": "sha512-6FlzubTLZG3J2a/NVCAleEhjzq5oxgHyaCU9yYXvcLsvoVaHJq/s5xXI6/XXP6tz7R9xAOtHnSO/tXtF3WRTlA==",
      "license": "MIT"
    },
    "node_modules/once": {
      "version": "1.4.0",
      "resolved": "https://registry.npmjs.org/once/-/once-1.4.0.tgz",
      "integrity": "sha512-lNaJgI+2Q5URQBkccEKHTQOPaXdUxnZZElQTZY0MFUAuaEqe1E+Nyvgdz/aIyNi6Z9MzO5dv1H8n58/GELp3+w==",
      "license": "ISC",
      "dependencies": {
        "wrappy": "1"
      }
    },
    "node_modules/piece-length": {
      "version": "2.0.1",
      "resolved": "https://registry.npmjs.org/piece-length/-/piece-length-2.0.1.tgz",
      "integrity": "sha512-dBILiDmm43y0JPISWEmVGKBETQjwJe6mSU9GND+P9KW0SJGUwoU/odyH1nbalOP9i8WSYuqf1lQnaj92Bhw+Ug==",
      "license": "MIT"
    },
    "node_modules/queue-microtask": {
      "version": "1.2.3",
      "resolved": "https://registry.npmjs.org/queue-microtask/-/queue-microtask-1.2.3.tgz",
      "integrity": "sha512-NuaNSa6flKT5JaSYQzJok04JzTL1CA6aGhv5rfLW3PgqA+M2ChpZQnAC8h8i4ZFkBS8X5RqkDBHA7r4hej3K9A==",
      "funding": [
        {
          "type": "github",
          "url": "https://github.com/sponsors/feross"
        },
        {
          "type": "patreon",
          "url": "https://www.patreon.com/feross"
        },
        {
          "type": "consulting",
          "url": "https://feross.org/support"
        }
      ],
      "license": "MIT"
    },
    "node_modules/run-parallel": {
      "version": "1.2.0",
      "resolved": "https://registry.npmjs.org/run-parallel/-/run-parallel-1.2.0.tgz",
      "integrity": "sha512-5l4VyZR86LZ/lDxZTR6jqL8AFE2S0IFLMP26AbjsLVADxHdhB/c0GUsH+y39UfCi3dzz8OlQuPmnaJOMoDHQBA==",
      "funding": [
        {
          "type": "github",
          "url": "https://github.com/sponsors/feross"
        },
        {
          "type": "patreon",
          "url": "https://www.patreon.com/feross"
        },
        {
          "type": "consulting",
          "url": "https://feross.org/support"
        }
      ],
      "license": "MIT",
      "dependencies": {
        "queue-microtask": "^1.2.2"
      }
    },
    "node_modules/streamx": {
      "version": "2.26.0",
      "resolved": "https://registry.npmjs.org/streamx/-/streamx-2.26.0.tgz",
      "integrity": "sha512-VvNG1K72Po/xwJzxZFnZ++Tbrv4lwSptsbkFuzXCJAYZvCK5nnxsvXU6ajqkv7chyiI1Y0YXq2Jh8Iy8Y7NF/A==",
      "license": "MIT",
      "dependencies": {
        "events-universal": "^1.0.0",
        "fast-fifo": "^1.3.2",
        "text-decoder": "^1.1.0"
      }
    },
    "node_modules/text-decoder": {
      "version": "1.2.7",
      "resolved": "https://registry.npmjs.org/text-decoder/-/text-decoder-1.2.7.tgz",
      "integrity": "sha512-vlLytXkeP4xvEq2otHeJfSQIRyWxo/oZGEbXrtEEF9Hnmrdly59sUbzZ/QgyWuLYHctCHxFF4tRQZNQ9k60ExQ==",
      "license": "Apache-2.0",
      "dependencies": {
        "b4a": "^1.6.4"
      }
    },
    "node_modules/throughput": {
      "version": "1.0.2",
      "resolved": "https://registry.npmjs.org/throughput/-/throughput-1.0.2.tgz",
      "integrity": "sha512-jvK1ZXuhsggjb3qYQjMiU/AVYYiTeqT5thWvYR2yuy2LGM84P5MSSyAinwHahGsdBYKR9m9HncVR/3f3nFKkxg==",
      "license": "MIT"
    },
    "node_modules/uint8-util": {
      "version": "2.2.6",
      "resolved": "https://registry.npmjs.org/uint8-util/-/uint8-util-2.2.6.tgz",
      "integrity": "sha512-r+ZjS8CzPhtPF771ROOadUoqC40OVdiMKBI8lTfJQWb4W7+73sMBwMYmai/uvNcmZ7tBJJyZSad03yMWIt3RQg==",
      "license": "MIT",
      "dependencies": {
        "base64-arraybuffer": "^1.0.2"
      }
    },
    "node_modules/unordered-array-remove": {
      "version": "1.0.2",
      "resolved": "https://registry.npmjs.org/unordered-array-remove/-/unordered-array-remove-1.0.2.tgz",
      "integrity": "sha512-45YsfD6svkgaCBNyvD+dFHm4qFX9g3wRSIVgWVPtm2OCnphvPxzJoe20ATsiNpNJrmzHifnxm+BN5F7gFT/4gw==",
      "license": "MIT"
    },
    "node_modules/wrappy": {
      "version": "1.0.2",
      "resolved": "https://registry.npmjs.org/wrappy/-/wrappy-1.0.2.tgz",
      "integrity": "sha512-l4Sp/DRseor9wL6EvV2+TuQn63dMkPjZ/sp9XkghTEbV9KlPS1xUsZ3u7/IQO4wxtcFB4bgpQPRcR3QCvezPcQ==",
      "license": "ISC"
    }
  }
}
